
Microsoft Visual Studio Solution File, Format Version 12.00
# Visual Studio 15
Project("{D954291E-2A0B-460D-934E-DC6B0785DB48}") = "CustomMap.Shared", "CustomMap.Shared\CustomMap.Shared.shproj", "{296B37E1-E69F-44EA-87AC-566801F6AA63}"
EndProject
Project("{FAE04EC0-301F-11D3-BF4B-00C04F79EFBC}") = "CustomMap.iOS", "CustomMap.iOS\CustomMap.iOS.csproj", "{3BA2C540-82A6-43CB-8C29-4F5E7F3496A8}"
EndProject
Project("{FAE04EC0-301F-11D3-BF4B-00C04F79EFBC}") = "CustomMap.Android", "CustomMap.Android\CustomMap.Android.csproj", "{936E7A02-610E-4149-90C8-BE4FEE7936DD}"
EndProject
Project("{5DD5E4FA-CB73-4610-85AB-557B54E96AA9}") = "CustomMap.NuGet", "CustomMap.NuGet\CustomMap.NuGet.nuproj", "{B453CA98-9D99-430A-826F-2B06F1E1F8AD}"
EndProject
Global
	GlobalSection(SolutionConfigurationPlatforms) = preSolution
		Debug|Any CPU = Debug|Any CPU
		Release|Any CPU = Release|Any CPU
		Debug|iPhoneSimulator = Debug|iPhoneSimulator
		Release|iPhoneSimulator = Release|iPhoneSimulator
		Debug|iPhone = Debug|iPhone
		Release|iPhone = Release|iPhone
	EndGlobalSection
	GlobalSection(ProjectConfigurationPlatforms) = postSolution
		{3BA2C540-82A6-43CB-8C29-4F5E7F3496A8}.Debug|Any CPU.ActiveCfg = Debug|Any CPU
		{3BA2C540-82A6-43CB-8C29-4F5E7F3496A8}.Debug|Any CPU.Build.0 = Debug|Any CPU
		{3BA2C540-82A6-43CB-8C29-4F5E7F3496A8}.Release|Any CPU.ActiveCfg = Release|Any CPU
		{3BA2C540-82A6-43CB-8C29-4F5E7F3496A8}.Release|Any CPU.Build.0 = Release|Any CPU
		{3BA2C540-82A6-43CB-8C29-4F5E7F3496A8}.Debug|iPhoneSimulator.ActiveCfg = Debug|Any CPU
		{3BA2C540-82A6-43CB-8C29-4F5E7F3496A8}.Debug|iPhoneSimulator.Build.0 = Debug|Any CPU
		{3BA2C540-82A6-43CB-8C29-4F5E7F3496A8}.Release|iPhoneSimulator.ActiveCfg = Release|Any CPU
		{3BA2C540-82A6-43CB-8C29-4F5E7F3496A8}.Release|iPhoneSimulator.Build.0 = Release|Any CPU
		{3BA2C540-82A6-43CB-8C29-4F5E7F3496A8}.Debug|iPhone.ActiveCfg = Debug|Any CPU
		{3BA2C540-82A6-43CB-8C29-4F5E7F3496A8}.Debug|iPhone.Build.0 = Debug|Any CPU
		{3BA2C540-82A6-43CB-8C29-4F5E7F3496A8}.Release|iPhone.ActiveCfg = Release|Any CPU
		{3BA2C540-82A6-43CB-8C29-4F5E7F3496A8}.Release|iPhone.Build.0 = Release|Any CPU
		{936E7A02-610E-4149-90C8-BE4FEE7936DD}.Debug|Any CPU.ActiveCfg = Debug|Any CPU
		{936E7A02-610E-4149-90C8-BE4FEE7936DD}.Debug|Any CPU.Build.0 = Debug|Any CPU
		{936E7A02-610E-4149-90C8-BE4FEE7936DD}.Release|Any CPU.ActiveCfg = Release|Any CPU
		{936E7A02-610E-4149-90C8-BE4FEE7936DD}.Release|Any CPU.Build.0 = Release|Any CPU
		{936E7A02-610E-4149-90C8-BE4FEE7936DD}.Debug|iPhoneSimulator.ActiveCfg = Debug|Any CPU
		{936E7A02-610E-4149-90C8-BE4FEE7936DD}.Debug|iPhoneSimulator.Build.0 = Debug|Any CPU
		{936E7A02-610E-4149-90C8-BE4FEE7936DD}.Release|iPhoneSimulator.ActiveCfg = Release|Any CPU
		{936E7A02-610E-4149-90C8-BE4FEE7936DD}.Release|iPhoneSimulator.Build.0 = Release|Any CPU
		{936E7A02-610E-4149-90C8-BE4FEE7936DD}.Debug|iPhone.ActiveCfg = Debug|Any CPU
		{936E7A02-610E-4149-90C8-BE4FEE7936DD}.Debug|iPhone.Build.0 = Debug|Any CPU
		{936E7A02-610E-4149-90C8-BE4FEE7936DD}.Release|iPhone.ActiveCfg = Release|Any CPU
		{936E7A02-610E-4149-90C8-BE4FEE7936DD}.Release|iPhone.Build.0 = Release|Any CPU
		{B453CA98-9D99-430A-826F-2B06F1E1F8AD}.Debug|Any CPU.ActiveCfg = Debug|Any CPU
		{B453CA98-9D99-430A-826F-2B06F1E1F8AD}.Debug|Any CPU.Build.0 = Debug|Any CPU
		{B453CA98-9D99-430A-826F-2B06F1E1F8AD}.Release|Any CPU.ActiveCfg = Release|Any CPU
		{B453CA98-9D99-430A-826F-2B06F1E1F8AD}.Release|Any CPU.Build.0 = Release|Any CPU
		{B453CA98-9D99-430A-826F-2B06F1E1F8AD}.Debug|iPhoneSimulator.ActiveCfg = Debug|Any CPU
		{B453CA98-9D99-430A-826F-2B06F1E1F8AD}.Debug|iPhoneSimulator.Build.0 = Debug|Any CPU
		{B453CA98-9D99-430A-826F-2B06F1E1F8AD}.Release|iPhoneSimulator.ActiveCfg = Release|Any CPU
		{B453CA98-9D99-430A-826F-2B06F1E1F8AD}.Release|iPhoneSimulator.Build.0 = Release|Any CPU
		{B453CA98-9D99-430A-826F-2B06F1E1F8AD}.Debug|iPhone.ActiveCfg = Debug|Any CPU
		{B453CA98-9D99-430A-826F-2B06F1E1F8AD}.Debug|iPhone.Build.0 = Debug|Any CPU
		{B453CA98-9D99-430A-826F-2B06F1E1F8AD}.Release|iPhone.ActiveCfg = Release|Any CPU
		{B453CA98-9D99-430A-826F-2B06F1E1F8AD}.Release|iPhone.Build.0 = Release|Any CPU
	EndGlobalSection
EndGlobal
